// !$*UTF8*$!
{
	archiveVersion = 1;
	classes = {
	};
	objectVersion = 52;
	objects = {

/* Begin PBXBuildFile section */
		25A34A12CBD998A09E872D3F /* Pods_Flix.framework in Frameworks */ = {isa = PBXBuildFile; fileRef = B67920241BEE0C46EE0ECAB9 /* Pods_Flix.framework */; };
		85C1E851AE7903B278457126 /* Pods_FlixTests.framework in Frameworks */ = {isa = PBXBuildFile; fileRef = 09F0FA2533EBA9DC66F8B375 /* Pods_FlixTests.framework */; };
		A2BD3E6E27CAE59100015B1C /* AppDelegate.swift in Sources */ = {isa = PBXBuildFile; fileRef = A2BD3E6D27CAE59100015B1C /* AppDelegate.swift */; };
		A2BD3E7027CAE59100015B1C /* SceneDelegate.swift in Sources */ = {isa = PBXBuildFile; fileRef = A2BD3E6F27CAE59100015B1C /* SceneDelegate.swift */; };
		A2BD3E7227CAE59100015B1C /* ViewController.swift in Sources */ = {isa = PBXBuildFile; fileRef = A2BD3E7127CAE59100015B1C /* ViewController.swift */; };
		A2BD3E7527CAE59100015B1C /* Main.storyboard in Resources */ = {isa = PBXBuildFile; fileRef = A2BD3E7327CAE59100015B1C /* Main.storyboard */; };
		A2BD3E7727CAE59200015B1C /* Assets.xcassets in Resources */ = {isa = PBXBuildFile; fileRef = A2BD3E7627CAE59200015B1C /* Assets.xcassets */; };
		A2BD3E7A27CAE59200015B1C /* LaunchScreen.storyboard in Resources */ = {isa = PBXBuildFile; fileRef = A2BD3E7827CAE59200015B1C /* LaunchScreen.storyboard */; };
		A2BD3E8527CAE59200015B1C /* FlixTests.swift in Sources */ = {isa = PBXBuildFile; fileRef = A2BD3E8427CAE59200015B1C /* FlixTests.swift */; };
		A2BD3E9027CAE59200015B1C /* FlixUITests.swift in Sources */ = {isa = PBXBuildFile; fileRef = A2BD3E8F27CAE59200015B1C /* FlixUITests.swift */; };
		A2BD3E9E27CAEC1800015B1C /* MoviesViewController.swift in Sources */ = {isa = PBXBuildFile; fileRef = A2BD3E9D27CAEC1800015B1C /* MoviesViewController.swift */; };
		A2BD3EA027CCB00200015B1C /* MovieCell.swift in Sources */ = {isa = PBXBuildFile; fileRef = A2BD3E9F27CCB00200015B1C /* MovieCell.swift */; };
		A2BD3EA327CCD7B400015B1C /* AlamofireImage in Frameworks */ = {isa = PBXBuildFile; productRef = A2BD3EA227CCD7B400015B1C /* AlamofireImage */; };
		E4EC341E0B2ADF2BF16D935B /* Pods_Flix_FlixUITests.framework in Frameworks */ = {isa = PBXBuildFile; fileRef = 05AD0412A6AD92E8DF24CE55 /* Pods_Flix_FlixUITests.framework */; };
/* End PBXBuildFile section */

/* Begin PBXContainerItemProxy section */
		A2BD3E8127CAE59200015B1C /* PBXContainerItemProxy */ = {
			isa = PBXContainerItemProxy;
			containerPortal = A2BD3E6227CAE59100015B1C /* Project object */;
			proxyType = 1;
			remoteGlobalIDString = A2BD3E6927CAE59100015B1C;
			remoteInfo = Flix;
		};
		A2BD3E8C27CAE59200015B1C /* PBXContainerItemProxy */ = {
			isa = PBXContainerItemProxy;
			containerPortal = A2BD3E6227CAE59100015B1C /* Project object */;
			proxyType = 1;
			remoteGlobalIDString = A2BD3E6927CAE59100015B1C;
			remoteInfo = Flix;
		};
/* End PBXContainerItemProxy section */

/* Begin PBXFileReference section */
		05AD0412A6AD92E8DF24CE55 /* Pods_Flix_FlixUITests.framework */ = {isa = PBXFileReference; explicitFileType = wrapper.framework; includeInIndex = 0; path = Pods_Flix_FlixUITests.framework; sourceTree = BUILT_PRODUCTS_DIR; };
		073C9B94D4F85E1656A37836 /* Pods-Flix.release.xcconfig */ = {isa = PBXFileReference; includeInIndex = 1; lastKnownFileType = text.xcconfig; name = "Pods-Flix.release.xcconfig"; path = "Target Support Files/Pods-Flix/Pods-Flix.release.xcconfig"; sourceTree = "<group>"; };
		09F0FA2533EBA9DC66F8B375 /* Pods_FlixTests.framework */ = {isa = PBXFileReference; explicitFileType = wrapper.framework; includeInIndex = 0; path = Pods_FlixTests.framework; sourceTree = BUILT_PRODUCTS_DIR; };
		0EA91ED3032EF76166F12BBF /* Pods-Flix-FlixUITests.debug.xcconfig */ = {isa = PBXFileReference; includeInIndex = 1; lastKnownFileType = text.xcconfig; name = "Pods-Flix-FlixUITests.debug.xcconfig"; path = "Target Support Files/Pods-Flix-FlixUITests/Pods-Flix-FlixUITests.debug.xcconfig"; sourceTree = "<group>"; };
		40326B18829C7ED56100979A /* Pods-FlixTests.debug.xcconfig */ = {isa = PBXFileReference; includeInIndex = 1; lastKnownFileType = text.xcconfig; name = "Pods-FlixTests.debug.xcconfig"; path = "Target Support Files/Pods-FlixTests/Pods-FlixTests.debug.xcconfig"; sourceTree = "<group>"; };
		A2BD3E6A27CAE59100015B1C /* Flix.app */ = {isa = PBXFileReference; explicitFileType = wrapper.application; includeInIndex = 0; path = Flix.app; sourceTree = BUILT_PRODUCTS_DIR; };
		A2BD3E6D27CAE59100015B1C /* AppDelegate.swift */ = {isa = PBXFileReference; lastKnownFileType = sourcecode.swift; path = AppDelegate.swift; sourceTree = "<group>"; };
		A2BD3E6F27CAE59100015B1C /* SceneDelegate.swift */ = {isa = PBXFileReference; lastKnownFileType = sourcecode.swift; path = SceneDelegate.swift; sourceTree = "<group>"; };
		A2BD3E7127CAE59100015B1C /* ViewController.swift */ = {isa = PBXFileReference; lastKnownFileType = sourcecode.swift; path = ViewController.swift; sourceTree = "<group>"; };
		A2BD3E7427CAE59100015B1C /* Base */ = {isa = PBXFileReference; lastKnownFileType = file.storyboard; name = Base; path = Base.lproj/Main.storyboard; sourceTree = "<group>"; };
		A2BD3E7627CAE59200015B1C /* Assets.xcassets */ = {isa = PBXFileReference; lastKnownFileType = folder.assetcatalog; path = Assets.xcassets; sourceTree = "<group>"; };
		A2BD3E7927CAE59200015B1C /* Base */ = {isa = PBXFileReference; lastKnownFileType = file.storyboard; name = Base; path = Base.lproj/LaunchScreen.storyboard; sourceTree = "<group>"; };
		A2BD3E7B27CAE59200015B1C /* Info.plist */ = {isa = PBXFileReference; lastKnownFileType = text.plist.xml; path = Info.plist; sourceTree = "<group>"; };
		A2BD3E8027CAE59200015B1C /* FlixTests.xctest */ = {isa = PBXFileReference; explicitFileType = wrapper.cfbundle; includeInIndex = 0; path = FlixTests.xctest; sourceTree = BUILT_PRODUCTS_DIR; };
		A2BD3E8427CAE59200015B1C /* FlixTests.swift */ = {isa = PBXFileReference; lastKnownFileType = sourcecode.swift; path = FlixTests.swift; sourceTree = "<group>"; };
		A2BD3E8627CAE59200015B1C /* Info.plist */ = {isa = PBXFileReference; lastKnownFileType = text.plist.xml; path = Info.plist; sourceTree = "<group>"; };
		A2BD3E8B27CAE59200015B1C /* FlixUITests.xctest */ = {isa = PBXFileReference; explicitFileType = wrapper.cfbundle; includeInIndex = 0; path = FlixUITests.xctest; sourceTree = BUILT_PRODUCTS_DIR; };
		A2BD3E8F27CAE59200015B1C /* FlixUITests.swift */ = {isa = PBXFileReference; lastKnownFileType = sourcecode.swift; path = FlixUITests.swift; sourceTree = "<group>"; };
		A2BD3E9127CAE59200015B1C /* Info.plist */ = {isa = PBXFileReference; lastKnownFileType = text.plist.xml; path = Info.plist; sourceTree = "<group>"; };
		A2BD3E9D27CAEC1800015B1C /* MoviesViewController.swift */ = {isa = PBXFileReference; lastKnownFileType = sourcecode.swift; path = MoviesViewController.swift; sourceTree = "<group>"; };
		A2BD3E9F27CCB00200015B1C /* MovieCell.swift */ = {isa = PBXFileReference; lastKnownFileType = sourcecode.swift; path = MovieCell.swift; sourceTree = "<group>"; };
		B67920241BEE0C46EE0ECAB9 /* Pods_Flix.framework */ = {isa = PBXFileReference; explicitFileType = wrapper.framework; includeInIndex = 0; path = Pods_Flix.framework; sourceTree = BUILT_PRODUCTS_DIR; };
		C44C16434574100719DADAEE /* Pods-Flix.debug.xcconfig */ = {isa = PBXFileReference; includeInIndex = 1; lastKnownFileType = text.xcconfig; name = "Pods-Flix.debug.xcconfig"; path = "Target Support Files/Pods-Flix/Pods-Flix.debug.xcconfig"; sourceTree = "<group>"; };
		F33DB1D83CF6A006EA17ECF8 /* Pods-FlixTests.release.xcconfig */ = {isa = PBXFileReference; includeInIndex = 1; lastKnownFileType = text.xcconfig; name = "Pods-FlixTests.release.xcconfig"; path = "Target Support Files/Pods-FlixTests/Pods-FlixTests.release.xcconfig"; sourceTree = "<group>"; };
		F79764DB84A977DF5B1108A8 /* Pods-Flix-FlixUITests.release.xcconfig */ = {isa = PBXFileReference; includeInIndex = 1; lastKnownFileType = text.xcconfig; name = "Pods-Flix-FlixUITests.release.xcconfig"; path = "Target Support Files/Pods-Flix-FlixUITests/Pods-Flix-FlixUITests.release.xcconfig"; sourceTree = "<group>"; };
/* End PBXFileReference section */

/* Begin PBXFrameworksBuildPhase section */
		A2BD3E6727CAE59100015B1C /* Frameworks */ = {
			isa = PBXFrameworksBuildPhase;
			buildActionMask = 2147483647;
			files = (
				A2BD3EA327CCD7B400015B1C /* AlamofireImage in Frameworks */,
				25A34A12CBD998A09E872D3F /* Pods_Flix.framework in Frameworks */,
			);
			runOnlyForDeploymentPostprocessing = 0;
		};
		A2BD3E7D27CAE59200015B1C /* Frameworks */ = {
			isa = PBXFrameworksBuildPhase;
			buildActionMask = 2147483647;
			files = (
				85C1E851AE7903B278457126 /* Pods_FlixTests.framework in Frameworks */,
			);
			runOnlyForDeploymentPostprocessing = 0;
		};
		A2BD3E8827CAE59200015B1C /* Frameworks */ = {
			isa = PBXFrameworksBuildPhase;
			buildActionMask = 2147483647;
			files = (
				E4EC341E0B2ADF2BF16D935B /* Pods_Flix_FlixUITests.framework in Frameworks */,
			);
			runOnlyForDeploymentPostprocessing = 0;
		};
/* End PBXFrameworksBuildPhase section */

/* Begin PBXGroup section */
		3805E8CB0C4BCE6B3B974CFE /* Pods */ = {
			isa = PBXGroup;
			children = (
				C44C16434574100719DADAEE /* Pods-Flix.debug.xcconfig */,
				073C9B94D4F85E1656A37836 /* Pods-Flix.release.xcconfig */,
				0EA91ED3032EF76166F12BBF /* Pods-Flix-FlixUITests.debug.xcconfig */,
				F79764DB84A977DF5B1108A8 /* Pods-Flix-FlixUITests.release.xcconfig */,
				40326B18829C7ED56100979A /* Pods-FlixTests.debug.xcconfig */,
				F33DB1D83CF6A006EA17ECF8 /* Pods-FlixTests.release.xcconfig */,
			);
			name = Pods;
			path = Pods;
			sourceTree = "<group>";
		};
		415BEAB842EE59FD961E4C7D /* Frameworks */ = {
			isa = PBXGroup;
			children = (
				B67920241BEE0C46EE0ECAB9 /* Pods_Flix.framework */,
				05AD0412A6AD92E8DF24CE55 /* Pods_Flix_FlixUITests.framework */,
				09F0FA2533EBA9DC66F8B375 /* Pods_FlixTests.framework */,
			);
			name = Frameworks;
			sourceTree = "<group>";
		};
		A2BD3E6127CAE59100015B1C = {
			isa = PBXGroup;
			children = (
				A2BD3E6C27CAE59100015B1C /* Flix */,
				A2BD3E8327CAE59200015B1C /* FlixTests */,
				A2BD3E8E27CAE59200015B1C /* FlixUITests */,
				A2BD3E6B27CAE59100015B1C /* Products */,
				3805E8CB0C4BCE6B3B974CFE /* Pods */,
				415BEAB842EE59FD961E4C7D /* Frameworks */,
			);
			sourceTree = "<group>";
		};
		A2BD3E6B27CAE59100015B1C /* Products */ = {
			isa = PBXGroup;
			children = (
				A2BD3E6A27CAE59100015B1C /* Flix.app */,
				A2BD3E8027CAE59200015B1C /* FlixTests.xctest */,
				A2BD3E8B27CAE59200015B1C /* FlixUITests.xctest */,
			);
			name = Products;
			sourceTree = "<group>";
		};
		A2BD3E6C27CAE59100015B1C /* Flix */ = {
			isa = PBXGroup;
			children = (
				A2BD3E6D27CAE59100015B1C /* AppDelegate.swift */,
				A2BD3E6F27CAE59100015B1C /* SceneDelegate.swift */,
				A2BD3E7127CAE59100015B1C /* ViewController.swift */,
				A2BD3E7327CAE59100015B1C /* Main.storyboard */,
				A2BD3E7627CAE59200015B1C /* Assets.xcassets */,
				A2BD3E7827CAE59200015B1C /* LaunchScreen.storyboard */,
				A2BD3E7B27CAE59200015B1C /* Info.plist */,
				A2BD3E9D27CAEC1800015B1C /* MoviesViewController.swift */,
				A2BD3E9F27CCB00200015B1C /* MovieCell.swift */,
			);
			path = Flix;
			sourceTree = "<group>";
		};
		A2BD3E8327CAE59200015B1C /* FlixTests */ = {
			isa = PBXGroup;
			children = (
				A2BD3E8427CAE59200015B1C /* FlixTests.swift */,
				A2BD3E8627CAE59200015B1C /* Info.plist */,
			);
			path = FlixTests;
			sourceTree = "<group>";
		};
		A2BD3E8E27CAE59200015B1C /* FlixUITests */ = {
			isa = PBXGroup;
			children = (
				A2BD3E8F27CAE59200015B1C /* FlixUITests.swift */,
				A2BD3E9127CAE59200015B1C /* Info.plist */,
			);
			path = FlixUITests;
			sourceTree = "<group>";
		};
/* End PBXGroup section */

/* Begin PBXNativeTarget section */
		A2BD3E6927CAE59100015B1C /* Flix */ = {
			isa = PBXNativeTarget;
			buildConfigurationList = A2BD3E9427CAE59200015B1C /* Build configuration list for PBXNativeTarget "Flix" */;
			buildPhases = (
				CFA7619033CF268B7D49FC66 /* [CP] Check Pods Manifest.lock */,
				A2BD3E6627CAE59100015B1C /* Sources */,
				A2BD3E6727CAE59100015B1C /* Frameworks */,
				A2BD3E6827CAE59100015B1C /* Resources */,
				7947FF2FE2CE83445BF7073D /* [CP] Embed Pods Frameworks */,
			);
			buildRules = (
			);
			dependencies = (
			);
			name = Flix;
			packageProductDependencies = (
				A2BD3EA227CCD7B400015B1C /* AlamofireImage */,
			);
			productName = Flix;
			productReference = A2BD3E6A27CAE59100015B1C /* Flix.app */;
			productType = "com.apple.product-type.application";
		};
		A2BD3E7F27CAE59200015B1C /* FlixTests */ = {
			isa = PBXNativeTarget;
			buildConfigurationList = A2BD3E9727CAE59200015B1C /* Build configuration list for PBXNativeTarget "FlixTests" */;
			buildPhases = (
				DEAD57F17C1CAF5022FC8FDA /* [CP] Check Pods Manifest.lock */,
				A2BD3E7C27CAE59200015B1C /* Sources */,
				A2BD3E7D27CAE59200015B1C /* Frameworks */,
				A2BD3E7E27CAE59200015B1C /* Resources */,
			);
			buildRules = (
			);
			dependencies = (
				A2BD3E8227CAE59200015B1C /* PBXTargetDependency */,
			);
			name = FlixTests;
			productName = FlixTests;
			productReference = A2BD3E8027CAE59200015B1C /* FlixTests.xctest */;
			productType = "com.apple.product-type.bundle.unit-test";
		};
		A2BD3E8A27CAE59200015B1C /* FlixUITests */ = {
			isa = PBXNativeTarget;
			buildConfigurationList = A2BD3E9A27CAE59200015B1C /* Build configuration list for PBXNativeTarget "FlixUITests" */;
			buildPhases = (
				7023BEEA11797A896C24C4E9 /* [CP] Check Pods Manifest.lock */,
				A2BD3E8727CAE59200015B1C /* Sources */,
				A2BD3E8827CAE59200015B1C /* Frameworks */,
				A2BD3E8927CAE59200015B1C /* Resources */,
				424CA150353C4347A523BFD9 /* [CP] Embed Pods Frameworks */,
			);
			buildRules = (
			);
			dependencies = (
				A2BD3E8D27CAE59200015B1C /* PBXTargetDependency */,
			);
			name = FlixUITests;
			productName = FlixUITests;
			productReference = A2BD3E8B27CAE59200015B1C /* FlixUITests.xctest */;
			productType = "com.apple.product-type.bundle.ui-testing";
		};
/* End PBXNativeTarget section */

/* Begin PBXProject section */
		A2BD3E6227CAE59100015B1C /* Project object */ = {
			isa = PBXProject;
			attributes = {
				LastSwiftUpdateCheck = 1250;
				LastUpgradeCheck = 1250;
				TargetAttributes = {
					A2BD3E6927CAE59100015B1C = {
						CreatedOnToolsVersion = 12.5.1;
					};
					A2BD3E7F27CAE59200015B1C = {
						CreatedOnToolsVersion = 12.5.1;
						TestTargetID = A2BD3E6927CAE59100015B1C;
					};
					A2BD3E8A27CAE59200015B1C = {
						CreatedOnToolsVersion = 12.5.1;
						TestTargetID = A2BD3E6927CAE59100015B1C;
					};
				};
			};
			buildConfigurationList = A2BD3E6527CAE59100015B1C /* Build configuration list for PBXProject "Flix" */;
			compatibilityVersion = "Xcode 9.3";
			developmentRegion = en;
			hasScannedForEncodings = 0;
			knownRegions = (
				en,
				Base,
			);
			mainGroup = A2BD3E6127CAE59100015B1C;
			packageReferences = (
				A2BD3EA127CCD7B400015B1C /* XCRemoteSwiftPackageReference "AlamofireImage" */,
			);
			productRefGroup = A2BD3E6B27CAE59100015B1C /* Products */;
			projectDirPath = "";
			projectRoot = "";
			targets = (
				A2BD3E6927CAE59100015B1C /* Flix */,
				A2BD3E7F27CAE59200015B1C /* FlixTests */,
				A2BD3E8A27CAE59200015B1C /* FlixUITests */,
			);
		};
/* End PBXProject section */

/* Begin PBXResourcesBuildPhase section */
		A2BD3E6827CAE59100015B1C /* Resources */ = {
			isa = PBXResourcesBuildPhase;
			buildActionMask = 2147483647;
			files = (
				A2BD3E7A27CAE59200015B1C /* LaunchScreen.storyboard in Resources */,
				A2BD3E7727CAE59200015B1C /* Assets.xcassets in Resources */,
				A2BD3E7527CAE59100015B1C /* Main.storyboard in Resources */,
			);
			runOnlyForDeploymentPostprocessing = 0;
		};
		A2BD3E7E27CAE59200015B1C /* Resources */ = {
			isa = PBXResourcesBuildPhase;
			buildActionMask = 2147483647;
			files = (
			);
			runOnlyForDeploymentPostprocessing = 0;
		};
		A2BD3E8927CAE59200015B1C /* Resources */ = {
			isa = PBXResourcesBuildPhase;
			buildActionMask = 2147483647;
			files = (
			);
			runOnlyForDeploymentPostprocessing = 0;
		};
/* End PBXResourcesBuildPhase section */

/* Begin PBXShellScriptBuildPhase section */
		424CA150353C4347A523BFD9 /* [CP] Embed Pods Frameworks */ = {
			isa = PBXShellScriptBuildPhase;
			buildActionMask = 2147483647;
			files = (
			);
			inputFileListPaths = (
				"${PODS_ROOT}/Target Support Files/Pods-Flix-FlixUITests/Pods-Flix-FlixUITests-frameworks-${CONFIGURATION}-input-files.xcfilelist",
			);
			name = "[CP] Embed Pods Frameworks";
			outputFileListPaths = (
				"${PODS_ROOT}/Target Support Files/Pods-Flix-FlixUITests/Pods-Flix-FlixUITests-frameworks-${CONFIGURATION}-output-files.xcfilelist",
			);
			runOnlyForDeploymentPostprocessing = 0;
			shellPath = /bin/sh;
			shellScript = "\"${PODS_ROOT}/Target Support Files/Pods-Flix-FlixUITests/Pods-Flix-FlixUITests-frameworks.sh\"\n";
			showEnvVarsInLog = 0;
		};
		7023BEEA11797A896C24C4E9 /* [CP] Check Pods Manifest.lock */ = {
			isa = PBXShellScriptBuildPhase;
			buildActionMask = 2147483647;
			files = (
			);
			inputFileListPaths = (
			);
			inputPaths = (
				"${PODS_PODFILE_DIR_PATH}/Podfile.lock",
				"${PODS_ROOT}/Manifest.lock",
			);
			name = "[CP] Check Pods Manifest.lock";
			outputFileListPaths = (
			);
			outputPaths = (
				"$(DERIVED_FILE_DIR)/Pods-Flix-FlixUITests-checkManifestLockResult.txt",
			);
			runOnlyForDeploymentPostprocessing = 0;
			shellPath = /bin/sh;
			shellScript = "diff \"${PODS_PODFILE_DIR_PATH}/Podfile.lock\" \"${PODS_ROOT}/Manifest.lock\" > /dev/null\nif [ $? != 0 ] ; then\n    # print error to STDERR\n    echo \"error: The sandbox is not in sync with the Podfile.lock. Run 'pod install' or update your CocoaPods installation.\" >&2\n    exit 1\nfi\n# This output is used by Xcode 'outputs' to avoid re-running this script phase.\necho \"SUCCESS\" > \"${SCRIPT_OUTPUT_FILE_0}\"\n";
			showEnvVarsInLog = 0;
		};
		7947FF2FE2CE83445BF7073D /* [CP] Embed Pods Frameworks */ = {
			isa = PBXShellScriptBuildPhase;
			buildActionMask = 2147483647;
			files = (
			);
			inputFileListPaths = (
				"${PODS_ROOT}/Target Support Files/Pods-Flix/Pods-Flix-frameworks-${CONFIGURATION}-input-files.xcfilelist",
			);
			name = "[CP] Embed Pods Frameworks";
			outputFileListPaths = (
				"${PODS_ROOT}/Target Support Files/Pods-Flix/Pods-Flix-frameworks-${CONFIGURATION}-output-files.xcfilelist",
			);
			runOnlyForDeploymentPostprocessing = 0;
			shellPath = /bin/sh;
			shellScript = "\"${PODS_ROOT}/Target Support Files/Pods-Flix/Pods-Flix-frameworks.sh\"\n";
			showEnvVarsInLog = 0;
		};
		CFA7619033CF268B7D49FC66 /* [CP] Check Pods Manifest.lock */ = {
			isa = PBXShellScriptBuildPhase;
			buildActionMask = 2147483647;
			files = (
			);
			inputFileListPaths = (
			);
			inputPaths = (
				"${PODS_PODFILE_DIR_PATH}/Podfile.lock",
				"${PODS_ROOT}/Manifest.lock",
			);
			name = "[CP] Check Pods Manifest.lock";
			outputFileListPaths = (
			);
			outputPaths = (
				"$(DERIVED_FILE_DIR)/Pods-Flix-checkManifestLockResult.txt",
			);
			runOnlyForDeploymentPostprocessing = 0;
			shellPath = /bin/sh;
			shellScript = "diff \"${PODS_PODFILE_DIR_PATH}/Podfile.lock\" \"${PODS_ROOT}/Manifest.lock\" > /dev/null\nif [ $? != 0 ] ; then\n    # print error to STDERR\n    echo \"error: The sandbox is not in sync with the Podfile.lock. Run 'pod install' or update your CocoaPods installation.\" >&2\n    exit 1\nfi\n# This output is used by Xcode 'outputs' to avoid re-running this script phase.\necho \"SUCCESS\" > \"${SCRIPT_OUTPUT_FILE_0}\"\n";
			showEnvVarsInLog = 0;
		};
		DEAD57F17C1CAF5022FC8FDA /* [CP] Check Pods Manifest.lock */ = {
			isa = PBXShellScriptBuildPhase;
			buildActionMask = 2147483647;
			files = (
			);
			inputFileListPaths = (
			);
			inputPaths = (
				"${PODS_PODFILE_DIR_PATH}/Podfile.lock",
				"${PODS_ROOT}/Manifest.lock",
			);
			name = "[CP] Check Pods Manifest.lock";
			outputFileListPaths = (
			);
			outputPaths = (
				"$(DERIVED_FILE_DIR)/Pods-FlixTests-checkManifestLockResult.txt",
			);
			runOnlyForDeploymentPostprocessing = 0;
			shellPath = /bin/sh;
			shellScript = "diff \"${PODS_PODFILE_DIR_PATH}/Podfile.lock\" \"${PODS_ROOT}/Manifest.lock\" > /dev/null\nif [ $? != 0 ] ; then\n    # print error to STDERR\n    echo \"error: The sandbox is not in sync with the Podfile.lock. Run 'pod install' or update your CocoaPods installation.\" >&2\n    exit 1\nfi\n# This output is used by Xcode 'outputs' to avoid re-running this script phase.\necho \"SUCCESS\" > \"${SCRIPT_OUTPUT_FILE_0}\"\n";
			showEnvVarsInLog = 0;
		};
/* End PBXShellScriptBuildPhase section */

/* Begin PBXSourcesBuildPhase section */
		A2BD3E6627CAE59100015B1C /* Sources */ = {
			isa = PBXSourcesBuildPhase;
			buildActionMask = 2147483647;
			files = (
				A2BD3E7227CAE59100015B1C /* ViewController.swift in Sources */,
				A2BD3E6E27CAE59100015B1C /* AppDelegate.swift in Sources */,
				A2BD3E7027CAE59100015B1C /* SceneDelegate.swift in Sources */,
				A2BD3EA027CCB00200015B1C /* MovieCell.swift in Sources */,
				A2BD3E9E27CAEC1800015B1C /* MoviesViewController.swift in Sources */,
			);
			runOnlyForDeploymentPostprocessing = 0;
		};
		A2BD3E7C27CAE59200015B1C /* Sources */ = {
			isa = PBXSourcesBuildPhase;
			buildActionMask = 2147483647;
			files = (
				A2BD3E8527CAE59200015B1C /* FlixTests.swift in Sources */,
			);
			runOnlyForDeploymentPostprocessing = 0;
		};
		A2BD3E8727CAE59200015B1C /* Sources */ = {
			isa = PBXSourcesBuildPhase;
			buildActionMask = 2147483647;
			files = (
				A2BD3E9027CAE59200015B1C /* FlixUITests.swift in Sources */,
			);
			runOnlyForDeploymentPostprocessing = 0;
		};
/* End PBXSourcesBuildPhase section */

/* Begin PBXTargetDependency section */
		A2BD3E8227CAE59200015B1C /* PBXTargetDependency */ = {
			isa = PBXTargetDependency;
			target = A2BD3E6927CAE59100015B1C /* Flix */;
			targetProxy = A2BD3E8127CAE59200015B1C /* PBXContainerItemProxy */;
		};
		A2BD3E8D27CAE59200015B1C /* PBXTargetDependency */ = {
			isa = PBXTargetDependency;
			target = A2BD3E6927CAE59100015B1C /* Flix */;
			targetProxy = A2BD3E8C27CAE59200015B1C /* PBXContainerItemProxy */;
		};
/* End PBXTargetDependency section */

/* Begin PBXVariantGroup section */
		A2BD3E7327CAE59100015B1C /* Main.storyboard */ = {
			isa = PBXVariantGroup;
			children = (
				A2BD3E7427CAE59100015B1C /* Base */,
			);
			name = Main.storyboard;
			sourceTree = "<group>";
		};
		A2BD3E7827CAE59200015B1C /* LaunchScreen.storyboard */ = {
			isa = PBXVariantGroup;
			children = (
				A2BD3E7927CAE59200015B1C /* Base */,
			);
			name = LaunchScreen.storyboard;
			sourceTree = "<group>";
		};
/* End PBXVariantGroup section */

/* Begin XCBuildConfiguration section */
		A2BD3E9227CAE59200015B1C /* Debug */ = {
			isa = XCBuildConfiguration;
			buildSettings = {
				ALWAYS_SEARCH_USER_PATHS = NO;
				CLANG_ANALYZER_NONNULL = YES;
				CLANG_ANALYZER_NUMBER_OBJECT_CONVERSION = YES_AGGRESSIVE;
				CLANG_CXX_LANGUAGE_STANDARD = "gnu++14";
				CLANG_CXX_LIBRARY = "libc++";
				CLANG_ENABLE_MODULES = YES;
				CLANG_ENABLE_OBJC_ARC = YES;
				CLANG_ENABLE_OBJC_WEAK = YES;
				CLANG_WARN_BLOCK_CAPTURE_AUTORELEASING = YES;
				CLANG_WARN_BOOL_CONVERSION = YES;
				CLANG_WARN_COMMA = YES;
				CLANG_WARN_CONSTANT_CONVERSION = YES;
				CLANG_WARN_DEPRECATED_OBJC_IMPLEMENTATIONS = YES;
				CLANG_WARN_DIRECT_OBJC_ISA_USAGE = YES_ERROR;
				CLANG_WARN_DOCUMENTATION_COMMENTS = YES;
				CLANG_WARN_EMPTY_BODY = YES;
				CLANG_WARN_ENUM_CONVERSION = YES;
				CLANG_WARN_INFINITE_RECURSION = YES;
				CLANG_WARN_INT_CONVERSION = YES;
				CLANG_WARN_NON_LITERAL_NULL_CONVERSION = YES;
				CLANG_WARN_OBJC_IMPLICIT_RETAIN_SELF = YES;
				CLANG_WARN_OBJC_LITERAL_CONVERSION = YES;
				CLANG_WARN_OBJC_ROOT_CLASS = YES_ERROR;
				CLANG_WARN_QUOTED_INCLUDE_IN_FRAMEWORK_HEADER = YES;
				CLANG_WARN_RANGE_LOOP_ANALYSIS = YES;
				CLANG_WARN_STRICT_PROTOTYPES = YES;
				CLANG_WARN_SUSPICIOUS_MOVE = YES;
				CLANG_WARN_UNGUARDED_AVAILABILITY = YES_AGGRESSIVE;
				CLANG_WARN_UNREACHABLE_CODE = YES;
				CLANG_WARN__DUPLICATE_METHOD_MATCH = YES;
				COPY_PHASE_STRIP = NO;
				DEBUG_INFORMATION_FORMAT = dwarf;
				ENABLE_STRICT_OBJC_MSGSEND = YES;
				ENABLE_TESTABILITY = YES;
				GCC_C_LANGUAGE_STANDARD = gnu11;
				GCC_DYNAMIC_NO_PIC = NO;
				GCC_NO_COMMON_BLOCKS = YES;
				GCC_OPTIMIZATION_LEVEL = 0;
				GCC_PREPROCESSOR_DEFINITIONS = (
					"DEBUG=1",
					"$(inherited)",
				);
				GCC_WARN_64_TO_32_BIT_CONVERSION = YES;
				GCC_WARN_ABOUT_RETURN_TYPE = YES_ERROR;
				GCC_WARN_UNDECLARED_SELECTOR = YES;
				GCC_WARN_UNINITIALIZED_AUTOS = YES_AGGRESSIVE;
				GCC_WARN_UNUSED_FUNCTION = YES;
				GCC_WARN_UNUSED_VARIABLE = YES;
				IPHONEOS_DEPLOYMENT_TARGET = 14.5;
				MTL_ENABLE_DEBUG_INFO = INCLUDE_SOURCE;
				MTL_FAST_MATH = YES;
				ONLY_ACTIVE_ARCH = YES;
				SDKROOT = iphoneos;
				SWIFT_ACTIVE_COMPILATION_CONDITIONS = DEBUG;
				SWIFT_OPTIMIZATION_LEVEL = "-Onone";
			};
			name = Debug;
		};
		A2BD3E9327CAE59200015B1C /* Release */ = {
			isa = XCBuildConfiguration;
			buildSettings = {
				ALWAYS_SEARCH_USER_PATHS = NO;
				CLANG_ANALYZER_NONNULL = YES;
				CLANG_ANALYZER_NUMBER_OBJECT_CONVERSION = YES_AGGRESSIVE;
				CLANG_CXX_LANGUAGE_STANDARD = "gnu++14";
				CLANG_CXX_LIBRARY = "libc++";
				CLANG_ENABLE_MODULES = YES;
				CLANG_ENABLE_OBJC_ARC = YES;
				CLANG_ENABLE_OBJC_WEAK = YES;
				CLANG_WARN_BLOCK_CAPTURE_AUTORELEASING = YES;
				CLANG_WARN_BOOL_CONVERSION = YES;
				CLANG_WARN_COMMA = YES;
				CLANG_WARN_CONSTANT_CONVERSION = YES;
				CLANG_WARN_DEPRECATED_OBJC_IMPLEMENTATIONS = YES;
				CLANG_WARN_DIRECT_OBJC_ISA_USAGE = YES_ERROR;
				CLANG_WARN_DOCUMENTATION_COMMENTS = YES;
				CLANG_WARN_EMPTY_BODY = YES;
				CLANG_WARN_ENUM_CONVERSION = YES;
				CLANG_WARN_INFINITE_RECURSION = YES;
				CLANG_WARN_INT_CONVERSION = YES;
				CLANG_WARN_NON_LITERAL_NULL_CONVERSION = YES;
				CLANG_WARN_OBJC_IMPLICIT_RETAIN_SELF = YES;
				CLANG_WARN_OBJC_LITERAL_CONVERSION = YES;
				CLANG_WARN_OBJC_ROOT_CLASS = YES_ERROR;
				CLANG_WARN_QUOTED_INCLUDE_IN_FRAMEWORK_HEADER = YES;
				CLANG_WARN_RANGE_LOOP_ANALYSIS = YES;
				CLANG_WARN_STRICT_PROTOTYPES = YES;
				CLANG_WARN_SUSPICIOUS_MOVE = YES;
				CLANG_WARN_UNGUARDED_AVAILABILITY = YES_AGGRESSIVE;
				CLANG_WARN_UNREACHABLE_CODE = YES;
				CLANG_WARN__DUPLICATE_METHOD_MATCH = YES;
				COPY_PHASE_STRIP = NO;
				DEBUG_INFORMATION_FORMAT = "dwarf-with-dsym";
				ENABLE_NS_ASSERTIONS = NO;
				ENABLE_STRICT_OBJC_MSGSEND = YES;
				GCC_C_LANGUAGE_STANDARD = gnu11;
				GCC_NO_COMMON_BLOCKS = YES;
				GCC_WARN_64_TO_32_BIT_CONVERSION = YES;
				GCC_WARN_ABOUT_RETURN_TYPE = YES_ERROR;
				GCC_WARN_UNDECLARED_SELECTOR = YES;
				GCC_WARN_UNINITIALIZED_AUTOS = YES_AGGRESSIVE;
				GCC_WARN_UNUSED_FUNCTION = YES;
				GCC_WARN_UNUSED_VARIABLE = YES;
				IPHONEOS_DEPLOYMENT_TARGET = 14.5;
				MTL_ENABLE_DEBUG_INFO = NO;
				MTL_FAST_MATH = YES;
				SDKROOT = iphoneos;
				SWIFT_COMPILATION_MODE = wholemodule;
				SWIFT_OPTIMIZATION_LEVEL = "-O";
				VALIDATE_PRODUCT = YES;
			};
			name = Release;
		};
		A2BD3E9527CAE59200015B1C /* Debug */ = {
			isa = XCBuildConfiguration;
			baseConfigurationReference = C44C16434574100719DADAEE /* Pods-Flix.debug.xcconfig */;
			buildSettings = {
				ASSETCATALOG_COMPILER_APPICON_NAME = AppIcon;
				ASSETCATALOG_COMPILER_GLOBAL_ACCENT_COLOR_NAME = AccentColor;
				CODE_SIGN_STYLE = Automatic;
				DEVELOPMENT_TEAM = 9U2T54P5PK;
				INFOPLIST_FILE = Flix/Info.plist;
				LD_RUNPATH_SEARCH_PATHS = (
					"$(inherited)",
					"@executable_path/Frameworks",
				);
				PRODUCT_BUNDLE_IDENTIFIER = com.pangjiadai.Flix;
				PRODUCT_NAME = "$(TARGET_NAME)";
				SWIFT_VERSION = 5.0;
				TARGETED_DEVICE_FAMILY = "1,2";
			};
			name = Debug;
		};
		A2BD3E9627CAE59200015B1C /* Release */ = {
			isa = XCBuildConfiguration;
			baseConfigurationReference = 073C9B94D4F85E1656A37836 /* Pods-Flix.release.xcconfig */;
			buildSettings = {
				ASSETCATALOG_COMPILER_APPICON_NAME = AppIcon;
				ASSETCATALOG_COMPILER_GLOBAL_ACCENT_COLOR_NAME = AccentColor;
				CODE_SIGN_STYLE = Automatic;
				DEVELOPMENT_TEAM = 9U2T54P5PK;
				INFOPLIST_FILE = Flix/Info.plist;
				LD_RUNPATH_SEARCH_PATHS = (
					"$(inherited)",
					"@executable_path/Frameworks",
				);
				PRODUCT_BUNDLE_IDENTIFIER = com.pangjiadai.Flix;
				PRODUCT_NAME = "$(TARGET_NAME)";
				SWIFT_VERSION = 5.0;
				TARGETED_DEVICE_FAMILY = "1,2";
			};
			name = Release;
		};
		A2BD3E9827CAE59200015B1C /* Debug */ = {
			isa = XCBuildConfiguration;
			baseConfigurationReference = 40326B18829C7ED56100979A /* Pods-FlixTests.debug.xcconfig */;
			buildSettings = {
				ALWAYS_EMBED_SWIFT_STANDARD_LIBRARIES = YES;
				BUNDLE_LOADER = "$(TEST_HOST)";
				CODE_SIGN_STYLE = Automatic;
				DEVELOPMENT_TEAM = 9U2T54P5PK;
				INFOPLIST_FILE = FlixTests/Info.plist;
				IPHONEOS_DEPLOYMENT_TARGET = 14.5;
				LD_RUNPATH_SEARCH_PATHS = (
					"$(inherited)",
					"@executable_path/Frameworks",
					"@loader_path/Frameworks",
				);
				PRODUCT_BUNDLE_IDENTIFIER = com.pangjiadai.FlixTests;
				PRODUCT_NAME = "$(TARGET_NAME)";
				SWIFT_VERSION = 5.0;
				TARGETED_DEVICE_FAMILY = "1,2";
				TEST_HOST = "$(BUILT_PRODUCTS_DIR)/Flix.app/Flix";
			};
			name = Debug;
		};
		A2BD3E9927CAE59200015B1C /* Release */ = {
			isa = XCBuildConfiguration;
			baseConfigurationReference = F33DB1D83CF6A006EA17ECF8 /* Pods-FlixTests.release.xcconfig */;
			buildSettings = {
				ALWAYS_EMBED_SWIFT_STANDARD_LIBRARIES = YES;
				BUNDLE_LOADER = "$(TEST_HOST)";
				CODE_SIGN_STYLE = Automatic;
				DEVELOPMENT_TEAM = 9U2T54P5PK;
				INFOPLIST_FILE = FlixTests/Info.plist;
				IPHONEOS_DEPLOYMENT_TARGET = 14.5;
				LD_RUNPATH_SEARCH_PATHS = (
					"$(inherited)",
					"@executable_path/Frameworks",
					"@loader_path/Frameworks",
				);
				PRODUCT_BUNDLE_IDENTIFIER = com.pangjiadai.FlixTests;
				PRODUCT_NAME = "$(TARGET_NAME)";
				SWIFT_VERSION = 5.0;
				TARGETED_DEVICE_FAMILY = "1,2";
				TEST_HOST = "$(BUILT_PRODUCTS_DIR)/Flix.app/Flix";
			};
			name = Release;
		};
		A2BD3E9B27CAE59200015B1C /* Debug */ = {
			isa = XCBuildConfiguration;
			baseConfigurationReference = 0EA91ED3032EF76166F12BBF /* Pods-Flix-FlixUITests.debug.xcconfig */;
			buildSettings = {
				ALWAYS_EMBED_SWIFT_STANDARD_LIBRARIES = YES;
				CODE_SIGN_STYLE = Automatic;
				DEVELOPMENT_TEAM = 9U2T54P5PK;
				INFOPLIST_FILE = FlixUITests/Info.plist;
				LD_RUNPATH_SEARCH_PATHS = (
					"$(inherited)",
					"@executable_path/Frameworks",
					"@loader_path/Frameworks",
				);
				PRODUCT_BUNDLE_IDENTIFIER = com.pangjiadai.FlixUITests;
				PRODUCT_NAME = "$(TARGET_NAME)";
				SWIFT_VERSION = 5.0;
				TARGETED_DEVICE_FAMILY = "1,2";
				TEST_TARGET_NAME = Flix;
			};
			name = Debug;
		};
		A2BD3E9C27CAE59200015B1C /* Release */ = {
			isa = XCBuildConfiguration;
			baseConfigurationReference = F79764DB84A977DF5B1108A8 /* Pods-Flix-FlixUITests.release.xcconfig */;
			buildSettings = {
				ALWAYS_EMBED_SWIFT_STANDARD_LIBRARIES = YES;
				CODE_SIGN_STYLE = Automatic;
				DEVELOPMENT_TEAM = 9U2T54P5PK;
				INFOPLIST_FILE = FlixUITests/Info.plist;
				LD_RUNPATH_SEARCH_PATHS = (
					"$(inherited)",
					"@executable_path/Frameworks",
					"@loader_path/Frameworks",
				);
				PRODUCT_BUNDLE_IDENTIFIER = com.pangjiadai.FlixUITests;
				PRODUCT_NAME = "$(TARGET_NAME)";
				SWIFT_VERSION = 5.0;
				TARGETED_DEVICE_FAMILY = "1,2";
				TEST_TARGET_NAME = Flix;
			};
			name = Release;
		};
/* End XCBuildConfiguration section */

/* Begin XCConfigurationList section */
		A2BD3E6527CAE59100015B1C /* Build configuration list for PBXProject "Flix" */ = {
			isa = XCConfigurationList;
			buildConfigurations = (
				A2BD3E9227CAE59200015B1C /* Debug */,
				A2BD3E9327CAE59200015B1C /* Release */,
			);
			defaultConfigurationIsVisible = 0;
			defaultConfigurationName = Release;
		};
		A2BD3E9427CAE59200015B1C /* Build configuration list for PBXNativeTarget "Flix" */ = {
			isa = XCConfigurationList;
			buildConfigurations = (
				A2BD3E9527CAE59200015B1C /* Debug */,
				A2BD3E9627CAE59200015B1C /* Release */,
			);
			defaultConfigurationIsVisible = 0;
			defaultConfigurationName = Release;
		};
		A2BD3E9727CAE59200015B1C /* Build configuration list for PBXNativeTarget "FlixTests" */ = {
			isa = XCConfigurationList;
			buildConfigurations = (
				A2BD3E9827CAE59200015B1C /* Debug */,
				A2BD3E9927CAE59200015B1C /* Release */,
			);
			defaultConfigurationIsVisible = 0;
			defaultConfigurationName = Release;
		};
		A2BD3E9A27CAE59200015B1C /* Build configuration list for PBXNativeTarget "FlixUITests" */ = {
			isa = XCConfigurationList;
			buildConfigurations = (
				A2BD3E9B27CAE59200015B1C /* Debug */,
				A2BD3E9C27CAE59200015B1C /* Release */,
			);
			defaultConfigurationIsVisible = 0;
			defaultConfigurationName = Release;
		};
/* End XCConfigurationList section */

/* Begin XCRemoteSwiftPackageReference section */
		A2BD3EA127CCD7B400015B1C /* XCRemoteSwiftPackageReference "AlamofireImage" */ = {
			isa = XCRemoteSwiftPackageReference;
			repositoryURL = "https://github.com/Alamofire/AlamofireImage";
			requirement = {
				kind = upToNextMajorVersion;
				minimumVersion = 4.2.0;
			};
		};
/* End XCRemoteSwiftPackageReference section */

/* Begin XCSwiftPackageProductDependency section */
		A2BD3EA227CCD7B400015B1C /* AlamofireImage */ = {
			isa = XCSwiftPackageProductDependency;
			package = A2BD3EA127CCD7B400015B1C /* XCRemoteSwiftPackageReference "AlamofireImage" */;
			productName = AlamofireImage;
		};
/* End XCSwiftPackageProductDependency section */
	};
	rootObject = A2BD3E6227CAE59100015B1C /* Project object */;
}
